
Microsoft Visual Studio Solution File, Format Version 12.00
# Visual Studio Version 17
VisualStudioVersion = 17.6.33712.159
MinimumVisualStudioVersion = 10.0.40219.1
Project("{FAE04EC0-301F-11D3-BF4B-00C04F79EFBC}") = "KockstikSite", "KockstikSite.csproj", "{B0C590C2-CA84-4E1B-95A5-D624B33F1B18}"
EndProject
Global
	GlobalSection(SolutionConfigurationPlatforms) = preSolution
		Debug|Any CPU = Debug|Any CPU
		Release|Any CPU = Release|Any CPU
	EndGlobalSection
	GlobalSection(ProjectConfigurationPlatforms) = postSolution
		{B0C590C2-CA84-4E1B-95A5-D624B33F1B18}.Debug|Any CPU.ActiveCfg = Debug|Any CPU
		{B0C590C2-CA84-4E1B-95A5-D624B33F1B18}.Debug|Any CPU.Build.0 = Debug|Any CPU
		{B0C590C2-CA84-4E1B-95A5-D624B33F1B18}.Release|Any CPU.ActiveCfg = Release|Any CPU
		{B0C590C2-CA84-4E1B-95A5-D624B33F1B18}.Release|Any CPU.Build.0 = Release|Any CPU
	EndGlobalSection
	GlobalSection(SolutionProperties) = preSolution
		HideSolutionNode = FALSE
	EndGlobalSection
	GlobalSection(ExtensibilityGlobals) = postSolution
		SolutionGuid = {DA951414-5A0E-46FD-8890-BC987C374A5D}
	EndGlobalSection
EndGlobal
